// !$*UTF8*$!
{
	archiveVersion = 1;
	classes = {
	};
	objectVersion = 55;
	objects = {

/* Begin PBXBuildFile section */
		AF6EC4FD284A33ED0036EA61 /* AppDelegate.swift in Sources */ = {isa = PBXBuildFile; fileRef = AF6EC4FC284A33ED0036EA61 /* AppDelegate.swift */; };
		AF6EC4FF284A33ED0036EA61 /* SceneDelegate.swift in Sources */ = {isa = PBXBuildFile; fileRef = AF6EC4FE284A33ED0036EA61 /* SceneDelegate.swift */; };
		AF6EC501284A33ED0036EA61 /* ViewController.swift in Sources */ = {isa = PBXBuildFile; fileRef = AF6EC500284A33ED0036EA61 /* ViewController.swift */; };
		AF6EC507284A33ED0036EA61 /* TikTokClone.xcdatamodeld in Sources */ = {isa = PBXBuildFile; fileRef = AF6EC505284A33ED0036EA61 /* TikTokClone.xcdatamodeld */; };
		AF6EC509284A33EF0036EA61 /* Assets.xcassets in Resources */ = {isa = PBXBuildFile; fileRef = AF6EC508284A33EF0036EA61 /* Assets.xcassets */; };
		AF6EC50C284A33EF0036EA61 /* LaunchScreen.storyboard in Resources */ = {isa = PBXBuildFile; fileRef = AF6EC50A284A33EF0036EA61 /* LaunchScreen.storyboard */; };
		AF6EC517284A33EF0036EA61 /* TikTokCloneTests.swift in Sources */ = {isa = PBXBuildFile; fileRef = AF6EC516284A33EF0036EA61 /* TikTokCloneTests.swift */; };
		AF6EC521284A33EF0036EA61 /* TikTokCloneUITests.swift in Sources */ = {isa = PBXBuildFile; fileRef = AF6EC520284A33EF0036EA61 /* TikTokCloneUITests.swift */; };
		AF6EC523284A33EF0036EA61 /* TikTokCloneUITestsLaunchTests.swift in Sources */ = {isa = PBXBuildFile; fileRef = AF6EC522284A33EF0036EA61 /* TikTokCloneUITestsLaunchTests.swift */; };
/* End PBXBuildFile section */

/* Begin PBXContainerItemProxy section */
		AF6EC513284A33EF0036EA61 /* PBXContainerItemProxy */ = {
			isa = PBXContainerItemProxy;
			containerPortal = AF6EC4F1284A33ED0036EA61 /* Project object */;
			proxyType = 1;
			remoteGlobalIDString = AF6EC4F8284A33ED0036EA61;
			remoteInfo = TikTokClone;
		};
		AF6EC51D284A33EF0036EA61 /* PBXContainerItemProxy */ = {
			isa = PBXContainerItemProxy;
			containerPortal = AF6EC4F1284A33ED0036EA61 /* Project object */;
			proxyType = 1;
			remoteGlobalIDString = AF6EC4F8284A33ED0036EA61;
			remoteInfo = TikTokClone;
		};
/* End PBXContainerItemProxy section */

/* Begin PBXFileReference section */
		AF6EC4F9284A33ED0036EA61 /* TikTokClone.app */ = {isa = PBXFileReference; explicitFileType = wrapper.application; includeInIndex = 0; path = TikTokClone.app; sourceTree = BUILT_PRODUCTS_DIR; };
		AF6EC4FC284A33ED0036EA61 /* AppDelegate.swift */ = {isa = PBXFileReference; lastKnownFileType = sourcecode.swift; path = AppDelegate.swift; sourceTree = "<group>"; };
		AF6EC4FE284A33ED0036EA61 /* SceneDelegate.swift */ = {isa = PBXFileReference; lastKnownFileType = sourcecode.swift; path = SceneDelegate.swift; sourceTree = "<group>"; };
		AF6EC500284A33ED0036EA61 /* ViewController.swift */ = {isa = PBXFileReference; lastKnownFileType = sourcecode.swift; path = ViewController.swift; sourceTree = "<group>"; };
		AF6EC506284A33ED0036EA61 /* TikTokClone.xcdatamodel */ = {isa = PBXFileReference; lastKnownFileType = wrapper.xcdatamodel; path = TikTokClone.xcdatamodel; sourceTree = "<group>"; };
		AF6EC508284A33EF0036EA61 /* Assets.xcassets */ = {isa = PBXFileReference; lastKnownFileType = folder.assetcatalog; path = Assets.xcassets; sourceTree = "<group>"; };
		AF6EC50B284A33EF0036EA61 /* Base */ = {isa = PBXFileReference; lastKnownFileType = file.storyboard; name = Base; path = Base.lproj/LaunchScreen.storyboard; sourceTree = "<group>"; };
		AF6EC50D284A33EF0036EA61 /* Info.plist */ = {isa = PBXFileReference; lastKnownFileType = text.plist.xml; path = Info.plist; sourceTree = "<group>"; };
		AF6EC512284A33EF0036EA61 /* TikTokCloneTests.xctest */ = {isa = PBXFileReference; explicitFileType = wrapper.cfbundle; includeInIndex = 0; path = TikTokCloneTests.xctest; sourceTree = BUILT_PRODUCTS_DIR; };
		AF6EC516284A33EF0036EA61 /* TikTokCloneTests.swift */ = {isa = PBXFileReference; lastKnownFileType = sourcecode.swift; path = TikTokCloneTests.swift; sourceTree = "<group>"; };
		AF6EC51C284A33EF0036EA61 /* TikTokCloneUITests.xctest */ = {isa = PBXFileReference; explicitFileType = wrapper.cfbundle; includeInIndex = 0; path = TikTokCloneUITests.xctest; sourceTree = BUILT_PRODUCTS_DIR; };
		AF6EC520284A33EF0036EA61 /* TikTokCloneUITests.swift */ = {isa = PBXFileReference; lastKnownFileType = sourcecode.swift; path = TikTokCloneUITests.swift; sourceTree = "<group>"; };
		AF6EC522284A33EF0036EA61 /* TikTokCloneUITestsLaunchTests.swift */ = {isa = PBXFileReference; lastKnownFileType = sourcecode.swift; path = TikTokCloneUITestsLaunchTests.swift; sourceTree = "<group>"; };
/* End PBXFileReference section */

/* Begin PBXFrameworksBuildPhase section */
		AF6EC4F6284A33ED0036EA61 /* Frameworks */ = {
			isa = PBXFrameworksBuildPhase;
			buildActionMask = 2147483647;
			files = (
			);
			runOnlyForDeploymentPostprocessing = 0;
		};
		AF6EC50F284A33EF0036EA61 /* Frameworks */ = {
			isa = PBXFrameworksBuildPhase;
			buildActionMask = 2147483647;
			files = (
			);
			runOnlyForDeploymentPostprocessing = 0;
		};
		AF6EC519284A33EF0036EA61 /* Frameworks */ = {
			isa = PBXFrameworksBuildPhase;
			buildActionMask = 2147483647;
			files = (
			);
			runOnlyForDeploymentPostprocessing = 0;
		};
/* End PBXFrameworksBuildPhase section */

/* Begin PBXGroup section */
		AF6EC4F0284A33ED0036EA61 = {
			isa = PBXGroup;
			children = (
				AF6EC4FB284A33ED0036EA61 /* TikTokClone */,
				AF6EC515284A33EF0036EA61 /* TikTokCloneTests */,
				AF6EC51F284A33EF0036EA61 /* TikTokCloneUITests */,
				AF6EC4FA284A33ED0036EA61 /* Products */,
			);
			sourceTree = "<group>";
		};
		AF6EC4FA284A33ED0036EA61 /* Products */ = {
			isa = PBXGroup;
			children = (
				AF6EC4F9284A33ED0036EA61 /* TikTokClone.app */,
				AF6EC512284A33EF0036EA61 /* TikTokCloneTests.xctest */,
				AF6EC51C284A33EF0036EA61 /* TikTokCloneUITests.xctest */,
			);
			name = Products;
			sourceTree = "<group>";
		};
		AF6EC4FB284A33ED0036EA61 /* TikTokClone */ = {
			isa = PBXGroup;
			children = (
				AF6EC4FC284A33ED0036EA61 /* AppDelegate.swift */,
				AF6EC4FE284A33ED0036EA61 /* SceneDelegate.swift */,
				AF6EC500284A33ED0036EA61 /* ViewController.swift */,
				AF6EC508284A33EF0036EA61 /* Assets.xcassets */,
				AF6EC50A284A33EF0036EA61 /* LaunchScreen.storyboard */,
				AF6EC50D284A33EF0036EA61 /* Info.plist */,
				AF6EC505284A33ED0036EA61 /* TikTokClone.xcdatamodeld */,
			);
			path = TikTokClone;
			sourceTree = "<group>";
		};
		AF6EC515284A33EF0036EA61 /* TikTokCloneTests */ = {
			isa = PBXGroup;
			children = (
				AF6EC516284A33EF0036EA61 /* TikTokCloneTests.swift */,
			);
			path = TikTokCloneTests;
			sourceTree = "<group>";
		};
		AF6EC51F284A33EF0036EA61 /* TikTokCloneUITests */ = {
			isa = PBXGroup;
			children = (
				AF6EC520284A33EF0036EA61 /* TikTokCloneUITests.swift */,
				AF6EC522284A33EF0036EA61 /* TikTokCloneUITestsLaunchTests.swift */,
			);
			path = TikTokCloneUITests;
			sourceTree = "<group>";
		};
/* End PBXGroup section */

/* Begin PBXNativeTarget section */
		AF6EC4F8284A33ED0036EA61 /* TikTokClone */ = {
			isa = PBXNativeTarget;
			buildConfigurationList = AF6EC526284A33EF0036EA61 /* Build configuration list for PBXNativeTarget "TikTokClone" */;
			buildPhases = (
				AF6EC4F5284A33ED0036EA61 /* Sources */,
				AF6EC4F6284A33ED0036EA61 /* Frameworks */,
				AF6EC4F7284A33ED0036EA61 /* Resources */,
			);
			buildRules = (
			);
			dependencies = (
			);
			name = TikTokClone;
			productName = TikTokClone;
			productReference = AF6EC4F9284A33ED0036EA61 /* TikTokClone.app */;
			productType = "com.apple.product-type.application";
		};
		AF6EC511284A33EF0036EA61 /* TikTokCloneTests */ = {
			isa = PBXNativeTarget;
			buildConfigurationList = AF6EC529284A33EF0036EA61 /* Build configuration list for PBXNativeTarget "TikTokCloneTests" */;
			buildPhases = (
				AF6EC50E284A33EF0036EA61 /* Sources */,
				AF6EC50F284A33EF0036EA61 /* Frameworks */,
				AF6EC510284A33EF0036EA61 /* Resources */,
			);
			buildRules = (
			);
			dependencies = (
				AF6EC514284A33EF0036EA61 /* PBXTargetDependency */,
			);
			name = TikTokCloneTests;
			productName = TikTokCloneTests;
			productReference = AF6EC512284A33EF0036EA61 /* TikTokCloneTests.xctest */;
			productType = "com.apple.product-type.bundle.unit-test";
		};
		AF6EC51B284A33EF0036EA61 /* TikTokCloneUITests */ = {
			isa = PBXNativeTarget;
			buildConfigurationList = AF6EC52C284A33EF0036EA61 /* Build configuration list for PBXNativeTarget "TikTokCloneUITests" */;
			buildPhases = (
				AF6EC518284A33EF0036EA61 /* Sources */,
				AF6EC519284A33EF0036EA61 /* Frameworks */,
				AF6EC51A284A33EF0036EA61 /* Resources */,
			);
			buildRules = (
			);
			dependencies = (
				AF6EC51E284A33EF0036EA61 /* PBXTargetDependency */,
			);
			name = TikTokCloneUITests;
			productName = TikTokCloneUITests;
			productReference = AF6EC51C284A33EF0036EA61 /* TikTokCloneUITests.xctest */;
			productType = "com.apple.product-type.bundle.ui-testing";
		};
/* End PBXNativeTarget section */

/* Begin PBXProject section */
		AF6EC4F1284A33ED0036EA61 /* Project object */ = {
			isa = PBXProject;
			attributes = {
				BuildIndependentTargetsInParallel = 1;
				LastSwiftUpdateCheck = 1320;
				LastUpgradeCheck = 1320;
				TargetAttributes = {
					AF6EC4F8284A33ED0036EA61 = {
						CreatedOnToolsVersion = 13.2.1;
					};
					AF6EC511284A33EF0036EA61 = {
						CreatedOnToolsVersion = 13.2.1;
						TestTargetID = AF6EC4F8284A33ED0036EA61;
					};
					AF6EC51B284A33EF0036EA61 = {
						CreatedOnToolsVersion = 13.2.1;
						TestTargetID = AF6EC4F8284A33ED0036EA61;
					};
				};
			};
			buildConfigurationList = AF6EC4F4284A33ED0036EA61 /* Build configuration list for PBXProject "TikTokClone" */;
			compatibilityVersion = "Xcode 13.0";
			developmentRegion = en;
			hasScannedForEncodings = 0;
			knownRegions = (
				en,
				Base,
			);
			mainGroup = AF6EC4F0284A33ED0036EA61;
			productRefGroup = AF6EC4FA284A33ED0036EA61 /* Products */;
			projectDirPath = "";
			projectRoot = "";
			targets = (
				AF6EC4F8284A33ED0036EA61 /* TikTokClone */,
				AF6EC511284A33EF0036EA61 /* TikTokCloneTests */,
				AF6EC51B284A33EF0036EA61 /* TikTokCloneUITests */,
			);
		};
/* End PBXProject section */

/* Begin PBXResourcesBuildPhase section */
		AF6EC4F7284A33ED0036EA61 /* Resources */ = {
			isa = PBXResourcesBuildPhase;
			buildActionMask = 2147483647;
			files = (
				AF6EC50C284A33EF0036EA61 /* LaunchScreen.storyboard in Resources */,
				AF6EC509284A33EF0036EA61 /* Assets.xcassets in Resources */,
			);
			runOnlyForDeploymentPostprocessing = 0;
		};
		AF6EC510284A33EF0036EA61 /* Resources */ = {
			isa = PBXResourcesBuildPhase;
			buildActionMask = 2147483647;
			files = (
			);
			runOnlyForDeploymentPostprocessing = 0;
		};
		AF6EC51A284A33EF0036EA61 /* Resources */ = {
			isa = PBXResourcesBuildPhase;
			buildActionMask = 2147483647;
			files = (
			);
			runOnlyForDeploymentPostprocessing = 0;
		};
/* End PBXResourcesBuildPhase section */

/* Begin PBXSourcesBuildPhase section */
		AF6EC4F5284A33ED0036EA61 /* Sources */ = {
			isa = PBXSourcesBuildPhase;
			buildActionMask = 2147483647;
			files = (
				AF6EC501284A33ED0036EA61 /* ViewController.swift in Sources */,
				AF6EC4FD284A33ED0036EA61 /* AppDelegate.swift in Sources */,
				AF6EC4FF284A33ED0036EA61 /* SceneDelegate.swift in Sources */,
				AF6EC507284A33ED0036EA61 /* TikTokClone.xcdatamodeld in Sources */,
			);
			runOnlyForDeploymentPostprocessing = 0;
		};
		AF6EC50E284A33EF0036EA61 /* Sources */ = {
			isa = PBXSourcesBuildPhase;
			buildActionMask = 2147483647;
			files = (
				AF6EC517284A33EF0036EA61 /* TikTokCloneTests.swift in Sources */,
			);
			runOnlyForDeploymentPostprocessing = 0;
		};
		AF6EC518284A33EF0036EA61 /* Sources */ = {
			isa = PBXSourcesBuildPhase;
			buildActionMask = 2147483647;
			files = (
				AF6EC523284A33EF0036EA61 /* TikTokCloneUITestsLaunchTests.swift in Sources */,
				AF6EC521284A33EF0036EA61 /* TikTokCloneUITests.swift in Sources */,
			);
			runOnlyForDeploymentPostprocessing = 0;
		};
/* End PBXSourcesBuildPhase section */

/* Begin PBXTargetDependency section */
		AF6EC514284A33EF0036EA61 /* PBXTargetDependency */ = {
			isa = PBXTargetDependency;
			target = AF6EC4F8284A33ED0036EA61 /* TikTokClone */;
			targetProxy = AF6EC513284A33EF0036EA61 /* PBXContainerItemProxy */;
		};
		AF6EC51E284A33EF0036EA61 /* PBXTargetDependency */ = {
			isa = PBXTargetDependency;
			target = AF6EC4F8284A33ED0036EA61 /* TikTokClone */;
			targetProxy = AF6EC51D284A33EF0036EA61 /* PBXContainerItemProxy */;
		};
/* End PBXTargetDependency section */

/* Begin PBXVariantGroup section */
		AF6EC50A284A33EF0036EA61 /* LaunchScreen.storyboard */ = {
			isa = PBXVariantGroup;
			children = (
				AF6EC50B284A33EF0036EA61 /* Base */,
			);
			name = LaunchScreen.storyboard;
			sourceTree = "<group>";
		};
/* End PBXVariantGroup section */

/* Begin XCBuildConfiguration section */
		AF6EC524284A33EF0036EA61 /* Debug */ = {
			isa = XCBuildConfiguration;
			buildSettings = {
				ALWAYS_SEARCH_USER_PATHS = NO;
				CLANG_ANALYZER_NONNULL = YES;
				CLANG_ANALYZER_NUMBER_OBJECT_CONVERSION = YES_AGGRESSIVE;
				CLANG_CXX_LANGUAGE_STANDARD = "gnu++17";
				CLANG_CXX_LIBRARY = "libc++";
				CLANG_ENABLE_MODULES = YES;
				CLANG_ENABLE_OBJC_ARC = YES;
				CLANG_ENABLE_OBJC_WEAK = YES;
				CLANG_WARN_BLOCK_CAPTURE_AUTORELEASING = YES;
				CLANG_WARN_BOOL_CONVERSION = YES;
				CLANG_WARN_COMMA = YES;
				CLANG_WARN_CONSTANT_CONVERSION = YES;
				CLANG_WARN_DEPRECATED_OBJC_IMPLEMENTATIONS = YES;
				CLANG_WARN_DIRECT_OBJC_ISA_USAGE = YES_ERROR;
				CLANG_WARN_DOCUMENTATION_COMMENTS = YES;
				CLANG_WARN_EMPTY_BODY = YES;
				CLANG_WARN_ENUM_CONVERSION = YES;
				CLANG_WARN_INFINITE_RECURSION = YES;
				CLANG_WARN_INT_CONVERSION = YES;
				CLANG_WARN_NON_LITERAL_NULL_CONVERSION = YES;
				CLANG_WARN_OBJC_IMPLICIT_RETAIN_SELF = YES;
				CLANG_WARN_OBJC_LITERAL_CONVERSION = YES;
				CLANG_WARN_OBJC_ROOT_CLASS = YES_ERROR;
				CLANG_WARN_QUOTED_INCLUDE_IN_FRAMEWORK_HEADER = YES;
				CLANG_WARN_RANGE_LOOP_ANALYSIS = YES;
				CLANG_WARN_STRICT_PROTOTYPES = YES;
				CLANG_WARN_SUSPICIOUS_MOVE = YES;
				CLANG_WARN_UNGUARDED_AVAILABILITY = YES_AGGRESSIVE;
				CLANG_WARN_UNREACHABLE_CODE = YES;
				CLANG_WARN__DUPLICATE_METHOD_MATCH = YES;
				COPY_PHASE_STRIP = NO;
				DEBUG_INFORMATION_FORMAT = dwarf;
				ENABLE_STRICT_OBJC_MSGSEND = YES;
				ENABLE_TESTABILITY = YES;
				GCC_C_LANGUAGE_STANDARD = gnu11;
				GCC_DYNAMIC_NO_PIC = NO;
				GCC_NO_COMMON_BLOCKS = YES;
				GCC_OPTIMIZATION_LEVEL = 0;
				GCC_PREPROCESSOR_DEFINITIONS = (
					"DEBUG=1",
					"$(inherited)",
				);
				GCC_WARN_64_TO_32_BIT_CONVERSION = YES;
				GCC_WARN_ABOUT_RETURN_TYPE = YES_ERROR;
				GCC_WARN_UNDECLARED_SELECTOR = YES;
				GCC_WARN_UNINITIALIZED_AUTOS = YES_AGGRESSIVE;
				GCC_WARN_UNUSED_FUNCTION = YES;
				GCC_WARN_UNUSED_VARIABLE = YES;
				IPHONEOS_DEPLOYMENT_TARGET = 15.2;
				MTL_ENABLE_DEBUG_INFO = INCLUDE_SOURCE;
				MTL_FAST_MATH = YES;
				ONLY_ACTIVE_ARCH = YES;
				SDKROOT = iphoneos;
				SWIFT_ACTIVE_COMPILATION_CONDITIONS = DEBUG;
				SWIFT_OPTIMIZATION_LEVEL = "-Onone";
			};
			name = Debug;
		};
		AF6EC525284A33EF0036EA61 /* Release */ = {
			isa = XCBuildConfiguration;
			buildSettings = {
				ALWAYS_SEARCH_USER_PATHS = NO;
				CLANG_ANALYZER_NONNULL = YES;
				CLANG_ANALYZER_NUMBER_OBJECT_CONVERSION = YES_AGGRESSIVE;
				CLANG_CXX_LANGUAGE_STANDARD = "gnu++17";
				CLANG_CXX_LIBRARY = "libc++";
				CLANG_ENABLE_MODULES = YES;
				CLANG_ENABLE_OBJC_ARC = YES;
				CLANG_ENABLE_OBJC_WEAK = YES;
				CLANG_WARN_BLOCK_CAPTURE_AUTORELEASING = YES;
				CLANG_WARN_BOOL_CONVERSION = YES;
				CLANG_WARN_COMMA = YES;
				CLANG_WARN_CONSTANT_CONVERSION = YES;
				CLANG_WARN_DEPRECATED_OBJC_IMPLEMENTATIONS = YES;
				CLANG_WARN_DIRECT_OBJC_ISA_USAGE = YES_ERROR;
				CLANG_WARN_DOCUMENTATION_COMMENTS = YES;
				CLANG_WARN_EMPTY_BODY = YES;
				CLANG_WARN_ENUM_CONVERSION = YES;
				CLANG_WARN_INFINITE_RECURSION = YES;
				CLANG_WARN_INT_CONVERSION = YES;
				CLANG_WARN_NON_LITERAL_NULL_CONVERSION = YES;
				CLANG_WARN_OBJC_IMPLICIT_RETAIN_SELF = YES;
				CLANG_WARN_OBJC_LITERAL_CONVERSION = YES;
				CLANG_WARN_OBJC_ROOT_CLASS = YES_ERROR;
				CLANG_WARN_QUOTED_INCLUDE_IN_FRAMEWORK_HEADER = YES;
				CLANG_WARN_RANGE_LOOP_ANALYSIS = YES;
				CLANG_WARN_STRICT_PROTOTYPES = YES;
				CLANG_WARN_SUSPICIOUS_MOVE = YES;
				CLANG_WARN_UNGUARDED_AVAILABILITY = YES_AGGRESSIVE;
				CLANG_WARN_UNREACHABLE_CODE = YES;
				CLANG_WARN__DUPLICATE_METHOD_MATCH = YES;
				COPY_PHASE_STRIP = NO;
				DEBUG_INFORMATION_FORMAT = "dwarf-with-dsym";
				ENABLE_NS_ASSERTIONS = NO;
				ENABLE_STRICT_OBJC_MSGSEND = YES;
				GCC_C_LANGUAGE_STANDARD = gnu11;
				GCC_NO_COMMON_BLOCKS = YES;
				GCC_WARN_64_TO_32_BIT_CONVERSION = YES;
				GCC_WARN_ABOUT_RETURN_TYPE = YES_ERROR;
				GCC_WARN_UNDECLARED_SELECTOR = YES;
				GCC_WARN_UNINITIALIZED_AUTOS = YES_AGGRESSIVE;
				GCC_WARN_UNUSED_FUNCTION = YES;
				GCC_WARN_UNUSED_VARIABLE = YES;
				IPHONEOS_DEPLOYMENT_TARGET = 15.2;
				MTL_ENABLE_DEBUG_INFO = NO;
				MTL_FAST_MATH = YES;
				SDKROOT = iphoneos;
				SWIFT_COMPILATION_MODE = wholemodule;
				SWIFT_OPTIMIZATION_LEVEL = "-O";
				VALIDATE_PRODUCT = YES;
			};
			name = Release;
		};
		AF6EC527284A33EF0036EA61 /* Debug */ = {
			isa = XCBuildConfiguration;
			buildSettings = {
				ASSETCATALOG_COMPILER_APPICON_NAME = AppIcon;
				ASSETCATALOG_COMPILER_GLOBAL_ACCENT_COLOR_NAME = AccentColor;
				CODE_SIGN_STYLE = Automatic;
				CURRENT_PROJECT_VERSION = 1;
				DEVELOPMENT_TEAM = RRG4UPX9CR;
				GENERATE_INFOPLIST_FILE = YES;
				INFOPLIST_FILE = TikTokClone/Info.plist;
				INFOPLIST_KEY_UIApplicationSupportsIndirectInputEvents = YES;
				INFOPLIST_KEY_UILaunchStoryboardName = LaunchScreen;
				INFOPLIST_KEY_UISupportedInterfaceOrientations = UIInterfaceOrientationPortrait;
				INFOPLIST_KEY_UISupportedInterfaceOrientations_iPad = "UIInterfaceOrientationPortrait UIInterfaceOrientationPortraitUpsideDown UIInterfaceOrientationLandscapeLeft UIInterfaceOrientationLandscapeRight";
				INFOPLIST_KEY_UISupportedInterfaceOrientations_iPhone = "UIInterfaceOrientationPortrait UIInterfaceOrientationLandscapeLeft UIInterfaceOrientationLandscapeRight";
				IPHONEOS_DEPLOYMENT_TARGET = 14.0;
				LD_RUNPATH_SEARCH_PATHS = (
					"$(inherited)",
					"@executable_path/Frameworks",
				);
				MARKETING_VERSION = 1.0;
				PRODUCT_BUNDLE_IDENTIFIER = com.calebngai.TikTokClone;
				PRODUCT_NAME = "$(TARGET_NAME)";
				SWIFT_EMIT_LOC_STRINGS = YES;
				SWIFT_VERSION = 5.0;
				TARGETED_DEVICE_FAMILY = 1;
			};
			name = Debug;
		};
		AF6EC528284A33EF0036EA61 /* Release */ = {
			isa = XCBuildConfiguration;
			buildSettings = {
				ASSETCATALOG_COMPILER_APPICON_NAME = AppIcon;
				ASSETCATALOG_COMPILER_GLOBAL_ACCENT_COLOR_NAME = AccentColor;
				CODE_SIGN_STYLE = Automatic;
				CURRENT_PROJECT_VERSION = 1;
				DEVELOPMENT_TEAM = RRG4UPX9CR;
				GENERATE_INFOPLIST_FILE = YES;
				INFOPLIST_FILE = TikTokClone/Info.plist;
				INFOPLIST_KEY_UIApplicationSupportsIndirectInputEvents = YES;
				INFOPLIST_KEY_UILaunchStoryboardName = LaunchScreen;
				INFOPLIST_KEY_UISupportedInterfaceOrientations = UIInterfaceOrientationPortrait;
				INFOPLIST_KEY_UISupportedInterfaceOrientations_iPad = "UIInterfaceOrientationPortrait UIInterfaceOrientationPortraitUpsideDown UIInterfaceOrientationLandscapeLeft UIInterfaceOrientationLandscapeRight";
				INFOPLIST_KEY_UISupportedInterfaceOrientations_iPhone = "UIInterfaceOrientationPortrait UIInterfaceOrientationLandscapeLeft UIInterfaceOrientationLandscapeRight";
				IPHONEOS_DEPLOYMENT_TARGET = 14.0;
				LD_RUNPATH_SEARCH_PATHS = (
					"$(inherited)",
					"@executable_path/Frameworks",
				);
				MARKETING_VERSION = 1.0;
				PRODUCT_BUNDLE_IDENTIFIER = com.calebngai.TikTokClone;
				PRODUCT_NAME = "$(TARGET_NAME)";
				SWIFT_EMIT_LOC_STRINGS = YES;
				SWIFT_VERSION = 5.0;
				TARGETED_DEVICE_FAMILY = 1;
			};
			name = Release;
		};
		AF6EC52A284A33EF0036EA61 /* Debug */ = {
			isa = XCBuildConfiguration;
			buildSettings = {
				ALWAYS_EMBED_SWIFT_STANDARD_LIBRARIES = YES;
				BUNDLE_LOADER = "$(TEST_HOST)";
				CODE_SIGN_STYLE = Automatic;
				CURRENT_PROJECT_VERSION = 1;
				DEVELOPMENT_TEAM = RRG4UPX9CR;
				GENERATE_INFOPLIST_FILE = YES;
				IPHONEOS_DEPLOYMENT_TARGET = 15.2;
				MARKETING_VERSION = 1.0;
				PRODUCT_BUNDLE_IDENTIFIER = com.calebngai.TikTokCloneTests;
				PRODUCT_NAME = "$(TARGET_NAME)";
				SWIFT_EMIT_LOC_STRINGS = NO;
				SWIFT_VERSION = 5.0;
				TARGETED_DEVICE_FAMILY = "1,2";
				TEST_HOST = "$(BUILT_PRODUCTS_DIR)/TikTokClone.app/TikTokClone";
			};
			name = Debug;
		};
		AF6EC52B284A33EF0036EA61 /* Release */ = {
			isa = XCBuildConfiguration;
			buildSettings = {
				ALWAYS_EMBED_SWIFT_STANDARD_LIBRARIES = YES;
				BUNDLE_LOADER = "$(TEST_HOST)";
				CODE_SIGN_STYLE = Automatic;
				CURRENT_PROJECT_VERSION = 1;
				DEVELOPMENT_TEAM = RRG4UPX9CR;
				GENERATE_INFOPLIST_FILE = YES;
				IPHONEOS_DEPLOYMENT_TARGET = 15.2;
				MARKETING_VERSION = 1.0;
				PRODUCT_BUNDLE_IDENTIFIER = com.calebngai.TikTokCloneTests;
				PRODUCT_NAME = "$(TARGET_NAME)";
				SWIFT_EMIT_LOC_STRINGS = NO;
				SWIFT_VERSION = 5.0;
				TARGETED_DEVICE_FAMILY = "1,2";
				TEST_HOST = "$(BUILT_PRODUCTS_DIR)/TikTokClone.app/TikTokClone";
			};
			name = Release;
		};
		AF6EC52D284A33EF0036EA61 /* Debug */ = {
			isa = XCBuildConfiguration;
			buildSettings = {
				ALWAYS_EMBED_SWIFT_STANDARD_LIBRARIES = YES;
				CODE_SIGN_STYLE = Automatic;
				CURRENT_PROJECT_VERSION = 1;
				DEVELOPMENT_TEAM = RRG4UPX9CR;
				GENERATE_INFOPLIST_FILE = YES;
				MARKETING_VERSION = 1.0;
				PRODUCT_BUNDLE_IDENTIFIER = com.calebngai.TikTokCloneUITests;
				PRODUCT_NAME = "$(TARGET_NAME)";
				SWIFT_EMIT_LOC_STRINGS = NO;
				SWIFT_VERSION = 5.0;
				TARGETED_DEVICE_FAMILY = "1,2";
				TEST_TARGET_NAME = TikTokClone;
			};
			name = Debug;
		};
		AF6EC52E284A33EF0036EA61 /* Release */ = {
			isa = XCBuildConfiguration;
			buildSettings = {
				ALWAYS_EMBED_SWIFT_STANDARD_LIBRARIES = YES;
				CODE_SIGN_STYLE = Automatic;
				CURRENT_PROJECT_VERSION = 1;
				DEVELOPMENT_TEAM = RRG4UPX9CR;
				GENERATE_INFOPLIST_FILE = YES;
				MARKETING_VERSION = 1.0;
				PRODUCT_BUNDLE_IDENTIFIER = com.calebngai.TikTokCloneUITests;
				PRODUCT_NAME = "$(TARGET_NAME)";
				SWIFT_EMIT_LOC_STRINGS = NO;
				SWIFT_VERSION = 5.0;
				TARGETED_DEVICE_FAMILY = "1,2";
				TEST_TARGET_NAME = TikTokClone;
			};
			name = Release;
		};
/* End XCBuildConfiguration section */

/* Begin XCConfigurationList section */
		AF6EC4F4284A33ED0036EA61 /* Build configuration list for PBXProject "TikTokClone" */ = {
			isa = XCConfigurationList;
			buildConfigurations = (
				AF6EC524284A33EF0036EA61 /* Debug */,
				AF6EC525284A33EF0036EA61 /* Release */,
			);
			defaultConfigurationIsVisible = 0;
			defaultConfigurationName = Release;
		};
		AF6EC526284A33EF0036EA61 /* Build configuration list for PBXNativeTarget "TikTokClone" */ = {
			isa = XCConfigurationList;
			buildConfigurations = (
				AF6EC527284A33EF0036EA61 /* Debug */,
				AF6EC528284A33EF0036EA61 /* Release */,
			);
			defaultConfigurationIsVisible = 0;
			defaultConfigurationName = Release;
		};
		AF6EC529284A33EF0036EA61 /* Build configuration list for PBXNativeTarget "TikTokCloneTests" */ = {
			isa = XCConfigurationList;
			buildConfigurations = (
				AF6EC52A284A33EF0036EA61 /* Debug */,
				AF6EC52B284A33EF0036EA61 /* Release */,
			);
			defaultConfigurationIsVisible = 0;
			defaultConfigurationName = Release;
		};
		AF6EC52C284A33EF0036EA61 /* Build configuration list for PBXNativeTarget "TikTokCloneUITests" */ = {
			isa = XCConfigurationList;
			buildConfigurations = (
				AF6EC52D284A33EF0036EA61 /* Debug */,
				AF6EC52E284A33EF0036EA61 /* Release */,
			);
			defaultConfigurationIsVisible = 0;
			defaultConfigurationName = Release;
		};
/* End XCConfigurationList section */

/* Begin XCVersionGroup section */
		AF6EC505284A33ED0036EA61 /* TikTokClone.xcdatamodeld */ = {
			isa = XCVersionGroup;
			children = (
				AF6EC506284A33ED0036EA61 /* TikTokClone.xcdatamodel */,
			);
			currentVersion = AF6EC506284A33ED0036EA61 /* TikTokClone.xcdatamodel */;
			path = TikTokClone.xcdatamodeld;
			sourceTree = "<group>";
			versionGroupType = wrapper.xcdatamodel;
		};
/* End XCVersionGroup section */
	};
	rootObject = AF6EC4F1284A33ED0036EA61 /* Project object */;
}
